<Solution>
  <Folder Name="/Solution Items/">
    <File Path="ReadMe.md" />
  </Folder>
  <Project Path="AtelierResleriana.AkatsukiGames.Tests/AtelierResleriana.AkatsukiGames.Tests.csproj" />
  <Project Path="AtelierResleriana.AkatsukiGames/AtelierResleriana.AkatsukiGames.csproj" />
  <Project Path="AtelierResleriana.BestHTTP.Tests/AtelierResleriana.BestHTTP.Tests.csproj" />
  <Project Path="AtelierResleriana.BestHTTP/AtelierResleriana.BestHTTP.csproj" />
  <Project Path="AtelierResleriana.Bundle/AtelierResleriana.Bundle.csproj" />
  <Project Path="AtelierResleriana.Compression.Tests/AtelierResleriana.Compression.Tests.csproj" />
  <Project Path="AtelierResleriana.Compression/AtelierResleriana.Compression.csproj" />
  <Project Path="AtelierResleriana.Encryption.Tests/AtelierResleriana.Encryption.Tests.csproj" />
  <Project Path="AtelierResleriana.Encryption/AtelierResleriana.Encryption.csproj" />
  <Project Path="AtelierResleriana.Executables.AudioExtractor/AtelierResleriana.Executables.AudioExtractor.csproj" />
  <Project Path="AtelierResleriana.Executables.ImageExtractor/AtelierResleriana.Executables.ImageExtractor.csproj" />
  <Project Path="AtelierResleriana.Executables.Pipeline.All.Finalize/AtelierResleriana.Executables.Pipeline.All.Finalize.csproj" />
  <Project Path="AtelierResleriana.Executables.Pipeline.All.Run/AtelierResleriana.Executables.Pipeline.All.Run.csproj" />
  <Project Path="AtelierResleriana.Executables.Pipeline.MasterData.Extract/AtelierResleriana.Executables.Pipeline.MasterData.Extract.csproj" />
  <Project Path="AtelierResleriana.Executables.Pipeline.MasterData.Localize/AtelierResleriana.Executables.Pipeline.MasterData.Localize.csproj" />
  <Project Path="AtelierResleriana.Executables.Pipeline.MasterData.Prepare/AtelierResleriana.Executables.Pipeline.MasterData.Prepare.csproj" />
  <Project Path="AtelierResleriana.Executables.Pipeline.News.Localize/AtelierResleriana.Executables.Pipeline.News.Localize.csproj" />
  <Project Path="AtelierResleriana.Executables.Pipeline.TextAsset.Extract/AtelierResleriana.Executables.Pipeline.TextAsset.Extract.csproj" />
  <Project Path="AtelierResleriana.Executables.Pipeline.TextAsset.Localize/AtelierResleriana.Executables.Pipeline.TextAsset.Localize.csproj" />
  <Project Path="AtelierResleriana.Executables.Pipeline.TextAsset.Prepare/AtelierResleriana.Executables.Pipeline.TextAsset.Prepare.csproj" />
  <Project Path="AtelierResleriana.Game/AtelierResleriana.Game.csproj" />
  <Project Path="AtelierResleriana.Localization.Utilities.Tests/AtelierResleriana.Localization.Utilities.Tests.csproj" />
  <Project Path="AtelierResleriana.Localization.Utilities/AtelierResleriana.Localization.Utilities.csproj" />
  <Project Path="AtelierResleriana.Localization/AtelierResleriana.Localization.csproj" />
  <Project Path="AtelierResleriana.MasterData.Tests/AtelierResleriana.MasterData.Tests.csproj" />
  <Project Path="AtelierResleriana.MasterData/AtelierResleriana.MasterData.csproj" />
  <Project Path="AtelierResleriana.News.Tests/AtelierResleriana.News.Tests.csproj" />
  <Project Path="AtelierResleriana.News/AtelierResleriana.News.csproj" />
  <Project Path="AtelierResleriana.Plugin.Inspection/AtelierResleriana.Plugin.Inspection.csproj" />
  <Project Path="AtelierResleriana.Plugin.Localization/AtelierResleriana.Plugin.Localization.csproj" />
  <Project Path="AtelierResleriana.Reflection/AtelierResleriana.Reflection.csproj" />
  <Project Path="AtelierResleriana.Server/AtelierResleriana.Server.csproj" />
  <Project Path="AtelierResleriana.Text.Tests/AtelierResleriana.Text.Tests.csproj" />
  <Project Path="AtelierResleriana.Text/AtelierResleriana.Text.csproj" />
  <Project Path="AtelierResleriana.Unity.Tests/AtelierResleriana.Unity.Tests.csproj" />
  <Project Path="AtelierResleriana.Unity/AtelierResleriana.Unity.csproj" />
  <Project Path="AtelierResleriana.Windows/AtelierResleriana.Windows.csproj" />
</Solution>
