
Microsoft Visual Studio Solution File, Format Version 12.00
# Visual Studio Version 17
VisualStudioVersion = 17.13.35806.99
MinimumVisualStudioVersion = 10.0.40219.1
Project("{FAE04EC0-301F-11D3-BF4B-00C04F79EFBC}") = "AtelierResleriana.Plugin.Localization", "AtelierResleriana.Plugin.Localization\AtelierResleriana.Plugin.Localization.csproj", "{0B89AF42-FB00-4E97-AE45-D4C41B7B9D11}"
EndProject
Project("{FAE04EC0-301F-11D3-BF4B-00C04F79EFBC}") = "AtelierResleriana.Text", "AtelierResleriana.Text\AtelierResleriana.Text.csproj", "{645ECD15-373B-47C4-8E72-E7D3F4F0EBE0}"
EndProject
Project("{FAE04EC0-301F-11D3-BF4B-00C04F79EFBC}") = "AtelierResleriana.Text.Tests", "AtelierResleriana.Text.Tests\AtelierResleriana.Text.Tests.csproj", "{9A06DE36-DCF5-4742-8228-89D629065D9B}"
EndProject
Project("{2150E333-8FDC-42A3-9474-1A3956D46DE8}") = "Solution Items", "Solution Items", "{8EC462FD-D22E-90A8-E5CE-7E832BA40C5D}"
	ProjectSection(SolutionItems) = preProject
		ReadMe.md = ReadMe.md
	EndProjectSection
EndProject
Project("{FAE04EC0-301F-11D3-BF4B-00C04F79EFBC}") = "AtelierResleriana.Compression", "AtelierResleriana.Compression\AtelierResleriana.Compression.csproj", "{F679DA12-94B8-42EC-AA7E-AEAEA0391E4C}"
EndProject
Project("{FAE04EC0-301F-11D3-BF4B-00C04F79EFBC}") = "AtelierResleriana.Bundle", "AtelierResleriana.Bundle\AtelierResleriana.Bundle.csproj", "{D2E87C3B-7FE1-4C9B-A985-14F3DB98B181}"
EndProject
Project("{FAE04EC0-301F-11D3-BF4B-00C04F79EFBC}") = "AtelierResleriana.Compression.Tests", "AtelierResleriana.Compression.Tests\AtelierResleriana.Compression.Tests.csproj", "{1828D8B2-D51D-4279-98CF-0F6EC8027A53}"
EndProject
Project("{FAE04EC0-301F-11D3-BF4B-00C04F79EFBC}") = "AtelierResleriana.Encryption", "AtelierResleriana.Encryption\AtelierResleriana.Encryption.csproj", "{E70E2693-44B3-4C5E-9C1E-630061D7E0A8}"
EndProject
Project("{FAE04EC0-301F-11D3-BF4B-00C04F79EFBC}") = "AtelierResleriana.Encryption.Tests", "AtelierResleriana.Encryption.Tests\AtelierResleriana.Encryption.Tests.csproj", "{9CDEFDA4-1186-4D50-80E7-4AF2418A74FF}"
EndProject
Project("{FAE04EC0-301F-11D3-BF4B-00C04F79EFBC}") = "AtelierResleriana.MasterData", "AtelierResleriana.MasterData\AtelierResleriana.MasterData.csproj", "{EB179E07-64A0-4819-9B09-939F878095C5}"
EndProject
Project("{FAE04EC0-301F-11D3-BF4B-00C04F79EFBC}") = "AtelierResleriana.MasterData.Tests", "AtelierResleriana.MasterData.Tests\AtelierResleriana.MasterData.Tests.csproj", "{29E0D119-10A3-4A6A-84AA-0BB0049801F1}"
EndProject
Project("{FAE04EC0-301F-11D3-BF4B-00C04F79EFBC}") = "AtelierResleriana.AkatsukiGames", "AtelierResleriana.AkatsukiGames\AtelierResleriana.AkatsukiGames.csproj", "{01751663-413C-4E60-9ED1-C8A8D6A6A78B}"
EndProject
Project("{FAE04EC0-301F-11D3-BF4B-00C04F79EFBC}") = "AtelierResleriana.AkatsukiGames.Tests", "AtelierResleriana.AkatsukiGames.Tests\AtelierResleriana.AkatsukiGames.Tests.csproj", "{C95CF4B5-6B38-41FC-B9AD-F6A902C11AE6}"
EndProject
Project("{FAE04EC0-301F-11D3-BF4B-00C04F79EFBC}") = "AtelierResleriana.Game", "AtelierResleriana.Game\AtelierResleriana.Game.csproj", "{36755D14-F14C-43CC-821F-CAF141971F86}"
EndProject
Project("{FAE04EC0-301F-11D3-BF4B-00C04F79EFBC}") = "AtelierResleriana.Unity", "AtelierResleriana.Unity\AtelierResleriana.Unity.csproj", "{9F2C342E-A0CD-4ABA-9F55-18BCC26F1A6C}"
EndProject
Project("{FAE04EC0-301F-11D3-BF4B-00C04F79EFBC}") = "AtelierResleriana.Unity.Tests", "AtelierResleriana.Unity.Tests\AtelierResleriana.Unity.Tests.csproj", "{4DF094B1-26FB-49F4-A8BE-8426F978264F}"
EndProject
Project("{FAE04EC0-301F-11D3-BF4B-00C04F79EFBC}") = "AtelierResleriana.Executables.Pipeline.TextAsset.Prepare", "AtelierResleriana.Executables.Pipeline.TextAsset.Prepare\AtelierResleriana.Executables.Pipeline.TextAsset.Prepare.csproj", "{C618C1BD-AE7E-43B5-9A1A-2ECBF62A510B}"
EndProject
Project("{FAE04EC0-301F-11D3-BF4B-00C04F79EFBC}") = "AtelierResleriana.Localization", "AtelierResleriana.Localization\AtelierResleriana.Localization.csproj", "{983D635B-C20E-450B-A71D-53C39169CF4D}"
EndProject
Project("{FAE04EC0-301F-11D3-BF4B-00C04F79EFBC}") = "AtelierResleriana.Executables.Pipeline.TextAsset.Localize", "AtelierResleriana.Executables.Pipeline.TextAsset.Localize\AtelierResleriana.Executables.Pipeline.TextAsset.Localize.csproj", "{D27D12BA-2CE1-4F9E-AABE-CB6AD4A873A7}"
EndProject
Project("{FAE04EC0-301F-11D3-BF4B-00C04F79EFBC}") = "AtelierResleriana.Localization.Utilities", "AtelierResleriana.Localization.Utilities\AtelierResleriana.Localization.Utilities.csproj", "{F3A1AA79-9750-4478-B303-0E2DB3AE63D7}"
EndProject
Project("{FAE04EC0-301F-11D3-BF4B-00C04F79EFBC}") = "AtelierResleriana.Localization.Utilities.Tests", "AtelierResleriana.Localization.Utilities.Tests\AtelierResleriana.Localization.Utilities.Tests.csproj", "{E3FA61C4-BD39-4820-A4B8-0C0739318E53}"
EndProject
Project("{FAE04EC0-301F-11D3-BF4B-00C04F79EFBC}") = "AtelierResleriana.Plugin.Inspection", "AtelierResleriana.Plugin.Inspection\AtelierResleriana.Plugin.Inspection.csproj", "{CCDD219B-8C7A-4F28-862D-FF90C19B7CFD}"
EndProject
Project("{FAE04EC0-301F-11D3-BF4B-00C04F79EFBC}") = "AtelierResleriana.Reflection", "AtelierResleriana.Reflection\AtelierResleriana.Reflection.csproj", "{5443C28F-7A9E-4308-BEB1-F928B11A112B}"
EndProject
Project("{FAE04EC0-301F-11D3-BF4B-00C04F79EFBC}") = "AtelierResleriana.Executables.Pipeline.MasterData.Extract", "AtelierResleriana.Executables.Pipeline.MasterData.Extract\AtelierResleriana.Executables.Pipeline.MasterData.Extract.csproj", "{AE00C81B-B827-466C-84A1-3545CAF6A582}"
EndProject
Project("{FAE04EC0-301F-11D3-BF4B-00C04F79EFBC}") = "AtelierResleriana.BestHTTP", "AtelierResleriana.BestHTTP\AtelierResleriana.BestHTTP.csproj", "{F5176AF5-4FDF-4878-9D8F-7A9F3D6A5B57}"
EndProject
Project("{FAE04EC0-301F-11D3-BF4B-00C04F79EFBC}") = "AtelierResleriana.BestHTTP.Tests", "AtelierResleriana.BestHTTP.Tests\AtelierResleriana.BestHTTP.Tests.csproj", "{0A9B80F5-57C7-4AF0-9030-181C04261923}"
EndProject
Project("{FAE04EC0-301F-11D3-BF4B-00C04F79EFBC}") = "AtelierResleriana.Windows", "AtelierResleriana.Windows\AtelierResleriana.Windows.csproj", "{2F9E2A79-BCAD-4F3B-8503-928CAF9C6AD0}"
EndProject
Project("{FAE04EC0-301F-11D3-BF4B-00C04F79EFBC}") = "AtelierResleriana.Executables.Pipeline.MasterData.Prepare", "AtelierResleriana.Executables.Pipeline.MasterData.Prepare\AtelierResleriana.Executables.Pipeline.MasterData.Prepare.csproj", "{23137A29-52A7-4EFC-9B86-6DA5B3681EDA}"
EndProject
Project("{FAE04EC0-301F-11D3-BF4B-00C04F79EFBC}") = "AtelierResleriana.Executables.Pipeline.MasterData.Localize", "AtelierResleriana.Executables.Pipeline.MasterData.Localize\AtelierResleriana.Executables.Pipeline.MasterData.Localize.csproj", "{656DF0C7-51B2-4154-842F-3B10EC32D93F}"
EndProject
Project("{FAE04EC0-301F-11D3-BF4B-00C04F79EFBC}") = "AtelierResleriana.Executables.Pipeline.TextAsset.Extract", "AtelierResleriana.Executables.Pipeline.TextAsset.Extract\AtelierResleriana.Executables.Pipeline.TextAsset.Extract.csproj", "{9615C447-7906-4D24-9009-0C4022A782C7}"
EndProject
Project("{FAE04EC0-301F-11D3-BF4B-00C04F79EFBC}") = "AtelierResleriana.Server", "AtelierResleriana.Server\AtelierResleriana.Server.csproj", "{FE89E51B-4C02-4C44-9D55-42727DDA74CE}"
EndProject
Project("{FAE04EC0-301F-11D3-BF4B-00C04F79EFBC}") = "AtelierResleriana.News", "AtelierResleriana.News\AtelierResleriana.News.csproj", "{0D4A9D2D-2216-4B65-BCC4-0F4DD4CBD19A}"
EndProject
Project("{FAE04EC0-301F-11D3-BF4B-00C04F79EFBC}") = "AtelierResleriana.News.Tests", "AtelierResleriana.News.Tests\AtelierResleriana.News.Tests.csproj", "{2E818FEB-C206-4FEE-A273-B3F437FD0D5D}"
EndProject
Project("{FAE04EC0-301F-11D3-BF4B-00C04F79EFBC}") = "AtelierResleriana.Executables.Pipeline.News.Localize", "AtelierResleriana.Executables.Pipeline.News.Localize\AtelierResleriana.Executables.Pipeline.News.Localize.csproj", "{17FE4769-8CEB-4BFD-A11B-D5B353E1DFB6}"
EndProject
Project("{FAE04EC0-301F-11D3-BF4B-00C04F79EFBC}") = "AtelierResleriana.Executables.Pipeline.All.Finalize", "AtelierResleriana.Executables.Pipeline.All.Finalize\AtelierResleriana.Executables.Pipeline.All.Finalize.csproj", "{B58A9EF7-C4C8-41A5-8DFC-5FB752696CEB}"
EndProject
Project("{FAE04EC0-301F-11D3-BF4B-00C04F79EFBC}") = "AtelierResleriana.Executables.ImageExtractor", "AtelierResleriana.Executables.ImageExtractor\AtelierResleriana.Executables.ImageExtractor.csproj", "{417AA74B-E84A-421C-883E-322E1EC90C6F}"
EndProject
Project("{FAE04EC0-301F-11D3-BF4B-00C04F79EFBC}") = "AtelierResleriana.Executables.Pipeline.All.Run", "AtelierResleriana.Executables.Pipeline.All.Run\AtelierResleriana.Executables.Pipeline.All.Run.csproj", "{82E72664-E9B9-4B55-82E5-D84C5AF25299}"
EndProject
Project("{FAE04EC0-301F-11D3-BF4B-00C04F79EFBC}") = "AtelierResleriana.Executables.AudioExtractor", "AtelierResleriana.Executables.AudioExtractor\AtelierResleriana.Executables.AudioExtractor.csproj", "{C70DF2A4-DD71-4D6D-AA69-3F33E3FAFBD3}"
EndProject
Global
	GlobalSection(SolutionConfigurationPlatforms) = preSolution
		Debug|Any CPU = Debug|Any CPU
		Release|Any CPU = Release|Any CPU
	EndGlobalSection
	GlobalSection(ProjectConfigurationPlatforms) = postSolution
		{0B89AF42-FB00-4E97-AE45-D4C41B7B9D11}.Debug|Any CPU.ActiveCfg = Debug|Any CPU
		{0B89AF42-FB00-4E97-AE45-D4C41B7B9D11}.Debug|Any CPU.Build.0 = Debug|Any CPU
		{0B89AF42-FB00-4E97-AE45-D4C41B7B9D11}.Release|Any CPU.ActiveCfg = Release|Any CPU
		{0B89AF42-FB00-4E97-AE45-D4C41B7B9D11}.Release|Any CPU.Build.0 = Release|Any CPU
		{645ECD15-373B-47C4-8E72-E7D3F4F0EBE0}.Debug|Any CPU.ActiveCfg = Debug|Any CPU
		{645ECD15-373B-47C4-8E72-E7D3F4F0EBE0}.Debug|Any CPU.Build.0 = Debug|Any CPU
		{645ECD15-373B-47C4-8E72-E7D3F4F0EBE0}.Release|Any CPU.ActiveCfg = Release|Any CPU
		{645ECD15-373B-47C4-8E72-E7D3F4F0EBE0}.Release|Any CPU.Build.0 = Release|Any CPU
		{9A06DE36-DCF5-4742-8228-89D629065D9B}.Debug|Any CPU.ActiveCfg = Debug|Any CPU
		{9A06DE36-DCF5-4742-8228-89D629065D9B}.Debug|Any CPU.Build.0 = Debug|Any CPU
		{9A06DE36-DCF5-4742-8228-89D629065D9B}.Release|Any CPU.ActiveCfg = Release|Any CPU
		{9A06DE36-DCF5-4742-8228-89D629065D9B}.Release|Any CPU.Build.0 = Release|Any CPU
		{F679DA12-94B8-42EC-AA7E-AEAEA0391E4C}.Debug|Any CPU.ActiveCfg = Debug|Any CPU
		{F679DA12-94B8-42EC-AA7E-AEAEA0391E4C}.Debug|Any CPU.Build.0 = Debug|Any CPU
		{F679DA12-94B8-42EC-AA7E-AEAEA0391E4C}.Release|Any CPU.ActiveCfg = Release|Any CPU
		{F679DA12-94B8-42EC-AA7E-AEAEA0391E4C}.Release|Any CPU.Build.0 = Release|Any CPU
		{D2E87C3B-7FE1-4C9B-A985-14F3DB98B181}.Debug|Any CPU.ActiveCfg = Debug|Any CPU
		{D2E87C3B-7FE1-4C9B-A985-14F3DB98B181}.Debug|Any CPU.Build.0 = Debug|Any CPU
		{D2E87C3B-7FE1-4C9B-A985-14F3DB98B181}.Release|Any CPU.ActiveCfg = Release|Any CPU
		{D2E87C3B-7FE1-4C9B-A985-14F3DB98B181}.Release|Any CPU.Build.0 = Release|Any CPU
		{1828D8B2-D51D-4279-98CF-0F6EC8027A53}.Debug|Any CPU.ActiveCfg = Debug|Any CPU
		{1828D8B2-D51D-4279-98CF-0F6EC8027A53}.Debug|Any CPU.Build.0 = Debug|Any CPU
		{1828D8B2-D51D-4279-98CF-0F6EC8027A53}.Release|Any CPU.ActiveCfg = Release|Any CPU
		{1828D8B2-D51D-4279-98CF-0F6EC8027A53}.Release|Any CPU.Build.0 = Release|Any CPU
		{E70E2693-44B3-4C5E-9C1E-630061D7E0A8}.Debug|Any CPU.ActiveCfg = Debug|Any CPU
		{E70E2693-44B3-4C5E-9C1E-630061D7E0A8}.Debug|Any CPU.Build.0 = Debug|Any CPU
		{E70E2693-44B3-4C5E-9C1E-630061D7E0A8}.Release|Any CPU.ActiveCfg = Release|Any CPU
		{E70E2693-44B3-4C5E-9C1E-630061D7E0A8}.Release|Any CPU.Build.0 = Release|Any CPU
		{9CDEFDA4-1186-4D50-80E7-4AF2418A74FF}.Debug|Any CPU.ActiveCfg = Debug|Any CPU
		{9CDEFDA4-1186-4D50-80E7-4AF2418A74FF}.Debug|Any CPU.Build.0 = Debug|Any CPU
		{9CDEFDA4-1186-4D50-80E7-4AF2418A74FF}.Release|Any CPU.ActiveCfg = Release|Any CPU
		{9CDEFDA4-1186-4D50-80E7-4AF2418A74FF}.Release|Any CPU.Build.0 = Release|Any CPU
		{EB179E07-64A0-4819-9B09-939F878095C5}.Debug|Any CPU.ActiveCfg = Debug|Any CPU
		{EB179E07-64A0-4819-9B09-939F878095C5}.Debug|Any CPU.Build.0 = Debug|Any CPU
		{EB179E07-64A0-4819-9B09-939F878095C5}.Release|Any CPU.ActiveCfg = Release|Any CPU
		{EB179E07-64A0-4819-9B09-939F878095C5}.Release|Any CPU.Build.0 = Release|Any CPU
		{29E0D119-10A3-4A6A-84AA-0BB0049801F1}.Debug|Any CPU.ActiveCfg = Debug|Any CPU
		{29E0D119-10A3-4A6A-84AA-0BB0049801F1}.Debug|Any CPU.Build.0 = Debug|Any CPU
		{29E0D119-10A3-4A6A-84AA-0BB0049801F1}.Release|Any CPU.ActiveCfg = Release|Any CPU
		{29E0D119-10A3-4A6A-84AA-0BB0049801F1}.Release|Any CPU.Build.0 = Release|Any CPU
		{01751663-413C-4E60-9ED1-C8A8D6A6A78B}.Debug|Any CPU.ActiveCfg = Debug|Any CPU
		{01751663-413C-4E60-9ED1-C8A8D6A6A78B}.Debug|Any CPU.Build.0 = Debug|Any CPU
		{01751663-413C-4E60-9ED1-C8A8D6A6A78B}.Release|Any CPU.ActiveCfg = Release|Any CPU
		{01751663-413C-4E60-9ED1-C8A8D6A6A78B}.Release|Any CPU.Build.0 = Release|Any CPU
		{C95CF4B5-6B38-41FC-B9AD-F6A902C11AE6}.Debug|Any CPU.ActiveCfg = Debug|Any CPU
		{C95CF4B5-6B38-41FC-B9AD-F6A902C11AE6}.Debug|Any CPU.Build.0 = Debug|Any CPU
		{C95CF4B5-6B38-41FC-B9AD-F6A902C11AE6}.Release|Any CPU.ActiveCfg = Release|Any CPU
		{C95CF4B5-6B38-41FC-B9AD-F6A902C11AE6}.Release|Any CPU.Build.0 = Release|Any CPU
		{36755D14-F14C-43CC-821F-CAF141971F86}.Debug|Any CPU.ActiveCfg = Debug|Any CPU
		{36755D14-F14C-43CC-821F-CAF141971F86}.Debug|Any CPU.Build.0 = Debug|Any CPU
		{36755D14-F14C-43CC-821F-CAF141971F86}.Release|Any CPU.ActiveCfg = Release|Any CPU
		{36755D14-F14C-43CC-821F-CAF141971F86}.Release|Any CPU.Build.0 = Release|Any CPU
		{9F2C342E-A0CD-4ABA-9F55-18BCC26F1A6C}.Debug|Any CPU.ActiveCfg = Debug|Any CPU
		{9F2C342E-A0CD-4ABA-9F55-18BCC26F1A6C}.Debug|Any CPU.Build.0 = Debug|Any CPU
		{9F2C342E-A0CD-4ABA-9F55-18BCC26F1A6C}.Release|Any CPU.ActiveCfg = Release|Any CPU
		{9F2C342E-A0CD-4ABA-9F55-18BCC26F1A6C}.Release|Any CPU.Build.0 = Release|Any CPU
		{4DF094B1-26FB-49F4-A8BE-8426F978264F}.Debug|Any CPU.ActiveCfg = Debug|Any CPU
		{4DF094B1-26FB-49F4-A8BE-8426F978264F}.Debug|Any CPU.Build.0 = Debug|Any CPU
		{4DF094B1-26FB-49F4-A8BE-8426F978264F}.Release|Any CPU.ActiveCfg = Release|Any CPU
		{4DF094B1-26FB-49F4-A8BE-8426F978264F}.Release|Any CPU.Build.0 = Release|Any CPU
		{C618C1BD-AE7E-43B5-9A1A-2ECBF62A510B}.Debug|Any CPU.ActiveCfg = Debug|Any CPU
		{C618C1BD-AE7E-43B5-9A1A-2ECBF62A510B}.Debug|Any CPU.Build.0 = Debug|Any CPU
		{C618C1BD-AE7E-43B5-9A1A-2ECBF62A510B}.Release|Any CPU.ActiveCfg = Release|Any CPU
		{C618C1BD-AE7E-43B5-9A1A-2ECBF62A510B}.Release|Any CPU.Build.0 = Release|Any CPU
		{983D635B-C20E-450B-A71D-53C39169CF4D}.Debug|Any CPU.ActiveCfg = Debug|Any CPU
		{983D635B-C20E-450B-A71D-53C39169CF4D}.Debug|Any CPU.Build.0 = Debug|Any CPU
		{983D635B-C20E-450B-A71D-53C39169CF4D}.Release|Any CPU.ActiveCfg = Release|Any CPU
		{983D635B-C20E-450B-A71D-53C39169CF4D}.Release|Any CPU.Build.0 = Release|Any CPU
		{D27D12BA-2CE1-4F9E-AABE-CB6AD4A873A7}.Debug|Any CPU.ActiveCfg = Debug|Any CPU
		{D27D12BA-2CE1-4F9E-AABE-CB6AD4A873A7}.Debug|Any CPU.Build.0 = Debug|Any CPU
		{D27D12BA-2CE1-4F9E-AABE-CB6AD4A873A7}.Release|Any CPU.ActiveCfg = Release|Any CPU
		{D27D12BA-2CE1-4F9E-AABE-CB6AD4A873A7}.Release|Any CPU.Build.0 = Release|Any CPU
		{F3A1AA79-9750-4478-B303-0E2DB3AE63D7}.Debug|Any CPU.ActiveCfg = Debug|Any CPU
		{F3A1AA79-9750-4478-B303-0E2DB3AE63D7}.Debug|Any CPU.Build.0 = Debug|Any CPU
		{F3A1AA79-9750-4478-B303-0E2DB3AE63D7}.Release|Any CPU.ActiveCfg = Release|Any CPU
		{F3A1AA79-9750-4478-B303-0E2DB3AE63D7}.Release|Any CPU.Build.0 = Release|Any CPU
		{E3FA61C4-BD39-4820-A4B8-0C0739318E53}.Debug|Any CPU.ActiveCfg = Debug|Any CPU
		{E3FA61C4-BD39-4820-A4B8-0C0739318E53}.Debug|Any CPU.Build.0 = Debug|Any CPU
		{E3FA61C4-BD39-4820-A4B8-0C0739318E53}.Release|Any CPU.ActiveCfg = Release|Any CPU
		{E3FA61C4-BD39-4820-A4B8-0C0739318E53}.Release|Any CPU.Build.0 = Release|Any CPU
		{CCDD219B-8C7A-4F28-862D-FF90C19B7CFD}.Debug|Any CPU.ActiveCfg = Debug|Any CPU
		{CCDD219B-8C7A-4F28-862D-FF90C19B7CFD}.Debug|Any CPU.Build.0 = Debug|Any CPU
		{CCDD219B-8C7A-4F28-862D-FF90C19B7CFD}.Release|Any CPU.ActiveCfg = Release|Any CPU
		{CCDD219B-8C7A-4F28-862D-FF90C19B7CFD}.Release|Any CPU.Build.0 = Release|Any CPU
		{5443C28F-7A9E-4308-BEB1-F928B11A112B}.Debug|Any CPU.ActiveCfg = Debug|Any CPU
		{5443C28F-7A9E-4308-BEB1-F928B11A112B}.Debug|Any CPU.Build.0 = Debug|Any CPU
		{5443C28F-7A9E-4308-BEB1-F928B11A112B}.Release|Any CPU.ActiveCfg = Release|Any CPU
		{5443C28F-7A9E-4308-BEB1-F928B11A112B}.Release|Any CPU.Build.0 = Release|Any CPU
		{AE00C81B-B827-466C-84A1-3545CAF6A582}.Debug|Any CPU.ActiveCfg = Debug|Any CPU
		{AE00C81B-B827-466C-84A1-3545CAF6A582}.Debug|Any CPU.Build.0 = Debug|Any CPU
		{AE00C81B-B827-466C-84A1-3545CAF6A582}.Release|Any CPU.ActiveCfg = Release|Any CPU
		{AE00C81B-B827-466C-84A1-3545CAF6A582}.Release|Any CPU.Build.0 = Release|Any CPU
		{F5176AF5-4FDF-4878-9D8F-7A9F3D6A5B57}.Debug|Any CPU.ActiveCfg = Debug|Any CPU
		{F5176AF5-4FDF-4878-9D8F-7A9F3D6A5B57}.Debug|Any CPU.Build.0 = Debug|Any CPU
		{F5176AF5-4FDF-4878-9D8F-7A9F3D6A5B57}.Release|Any CPU.ActiveCfg = Release|Any CPU
		{F5176AF5-4FDF-4878-9D8F-7A9F3D6A5B57}.Release|Any CPU.Build.0 = Release|Any CPU
		{0A9B80F5-57C7-4AF0-9030-181C04261923}.Debug|Any CPU.ActiveCfg = Debug|Any CPU
		{0A9B80F5-57C7-4AF0-9030-181C04261923}.Debug|Any CPU.Build.0 = Debug|Any CPU
		{0A9B80F5-57C7-4AF0-9030-181C04261923}.Release|Any CPU.ActiveCfg = Release|Any CPU
		{0A9B80F5-57C7-4AF0-9030-181C04261923}.Release|Any CPU.Build.0 = Release|Any CPU
		{2F9E2A79-BCAD-4F3B-8503-928CAF9C6AD0}.Debug|Any CPU.ActiveCfg = Debug|Any CPU
		{2F9E2A79-BCAD-4F3B-8503-928CAF9C6AD0}.Debug|Any CPU.Build.0 = Debug|Any CPU
		{2F9E2A79-BCAD-4F3B-8503-928CAF9C6AD0}.Release|Any CPU.ActiveCfg = Release|Any CPU
		{2F9E2A79-BCAD-4F3B-8503-928CAF9C6AD0}.Release|Any CPU.Build.0 = Release|Any CPU
		{23137A29-52A7-4EFC-9B86-6DA5B3681EDA}.Debug|Any CPU.ActiveCfg = Debug|Any CPU
		{23137A29-52A7-4EFC-9B86-6DA5B3681EDA}.Debug|Any CPU.Build.0 = Debug|Any CPU
		{23137A29-52A7-4EFC-9B86-6DA5B3681EDA}.Release|Any CPU.ActiveCfg = Release|Any CPU
		{23137A29-52A7-4EFC-9B86-6DA5B3681EDA}.Release|Any CPU.Build.0 = Release|Any CPU
		{656DF0C7-51B2-4154-842F-3B10EC32D93F}.Debug|Any CPU.ActiveCfg = Debug|Any CPU
		{656DF0C7-51B2-4154-842F-3B10EC32D93F}.Debug|Any CPU.Build.0 = Debug|Any CPU
		{656DF0C7-51B2-4154-842F-3B10EC32D93F}.Release|Any CPU.ActiveCfg = Release|Any CPU
		{656DF0C7-51B2-4154-842F-3B10EC32D93F}.Release|Any CPU.Build.0 = Release|Any CPU
		{9615C447-7906-4D24-9009-0C4022A782C7}.Debug|Any CPU.ActiveCfg = Debug|Any CPU
		{9615C447-7906-4D24-9009-0C4022A782C7}.Debug|Any CPU.Build.0 = Debug|Any CPU
		{9615C447-7906-4D24-9009-0C4022A782C7}.Release|Any CPU.ActiveCfg = Release|Any CPU
		{9615C447-7906-4D24-9009-0C4022A782C7}.Release|Any CPU.Build.0 = Release|Any CPU
		{FE89E51B-4C02-4C44-9D55-42727DDA74CE}.Debug|Any CPU.ActiveCfg = Debug|Any CPU
		{FE89E51B-4C02-4C44-9D55-42727DDA74CE}.Debug|Any CPU.Build.0 = Debug|Any CPU
		{FE89E51B-4C02-4C44-9D55-42727DDA74CE}.Release|Any CPU.ActiveCfg = Release|Any CPU
		{FE89E51B-4C02-4C44-9D55-42727DDA74CE}.Release|Any CPU.Build.0 = Release|Any CPU
		{0D4A9D2D-2216-4B65-BCC4-0F4DD4CBD19A}.Debug|Any CPU.ActiveCfg = Debug|Any CPU
		{0D4A9D2D-2216-4B65-BCC4-0F4DD4CBD19A}.Debug|Any CPU.Build.0 = Debug|Any CPU
		{0D4A9D2D-2216-4B65-BCC4-0F4DD4CBD19A}.Release|Any CPU.ActiveCfg = Release|Any CPU
		{0D4A9D2D-2216-4B65-BCC4-0F4DD4CBD19A}.Release|Any CPU.Build.0 = Release|Any CPU
		{2E818FEB-C206-4FEE-A273-B3F437FD0D5D}.Debug|Any CPU.ActiveCfg = Debug|Any CPU
		{2E818FEB-C206-4FEE-A273-B3F437FD0D5D}.Debug|Any CPU.Build.0 = Debug|Any CPU
		{2E818FEB-C206-4FEE-A273-B3F437FD0D5D}.Release|Any CPU.ActiveCfg = Release|Any CPU
		{2E818FEB-C206-4FEE-A273-B3F437FD0D5D}.Release|Any CPU.Build.0 = Release|Any CPU
		{17FE4769-8CEB-4BFD-A11B-D5B353E1DFB6}.Debug|Any CPU.ActiveCfg = Debug|Any CPU
		{17FE4769-8CEB-4BFD-A11B-D5B353E1DFB6}.Debug|Any CPU.Build.0 = Debug|Any CPU
		{17FE4769-8CEB-4BFD-A11B-D5B353E1DFB6}.Release|Any CPU.ActiveCfg = Release|Any CPU
		{17FE4769-8CEB-4BFD-A11B-D5B353E1DFB6}.Release|Any CPU.Build.0 = Release|Any CPU
		{B58A9EF7-C4C8-41A5-8DFC-5FB752696CEB}.Debug|Any CPU.ActiveCfg = Debug|Any CPU
		{B58A9EF7-C4C8-41A5-8DFC-5FB752696CEB}.Debug|Any CPU.Build.0 = Debug|Any CPU
		{B58A9EF7-C4C8-41A5-8DFC-5FB752696CEB}.Release|Any CPU.ActiveCfg = Release|Any CPU
		{B58A9EF7-C4C8-41A5-8DFC-5FB752696CEB}.Release|Any CPU.Build.0 = Release|Any CPU
		{417AA74B-E84A-421C-883E-322E1EC90C6F}.Debug|Any CPU.ActiveCfg = Debug|Any CPU
		{417AA74B-E84A-421C-883E-322E1EC90C6F}.Debug|Any CPU.Build.0 = Debug|Any CPU
		{417AA74B-E84A-421C-883E-322E1EC90C6F}.Release|Any CPU.ActiveCfg = Release|Any CPU
		{417AA74B-E84A-421C-883E-322E1EC90C6F}.Release|Any CPU.Build.0 = Release|Any CPU
		{82E72664-E9B9-4B55-82E5-D84C5AF25299}.Debug|Any CPU.ActiveCfg = Debug|Any CPU
		{82E72664-E9B9-4B55-82E5-D84C5AF25299}.Debug|Any CPU.Build.0 = Debug|Any CPU
		{82E72664-E9B9-4B55-82E5-D84C5AF25299}.Release|Any CPU.ActiveCfg = Release|Any CPU
		{82E72664-E9B9-4B55-82E5-D84C5AF25299}.Release|Any CPU.Build.0 = Release|Any CPU
		{C70DF2A4-DD71-4D6D-AA69-3F33E3FAFBD3}.Debug|Any CPU.ActiveCfg = Debug|Any CPU
		{C70DF2A4-DD71-4D6D-AA69-3F33E3FAFBD3}.Debug|Any CPU.Build.0 = Debug|Any CPU
		{C70DF2A4-DD71-4D6D-AA69-3F33E3FAFBD3}.Release|Any CPU.ActiveCfg = Release|Any CPU
		{C70DF2A4-DD71-4D6D-AA69-3F33E3FAFBD3}.Release|Any CPU.Build.0 = Release|Any CPU
	EndGlobalSection
	GlobalSection(SolutionProperties) = preSolution
		HideSolutionNode = FALSE
	EndGlobalSection
	GlobalSection(ExtensibilityGlobals) = postSolution
		SolutionGuid = {FC60D5EC-A690-4066-9F9D-46A30617BA6D}
	EndGlobalSection
EndGlobal
